
Microsoft Visual Studio Solution File, Format Version 12.00
# Visual Studio Version 17
VisualStudioVersion = 17.14.36518.9 d17.14
MinimumVisualStudioVersion = 10.0.40219.1
Project("{FAE04EC0-301F-11D3-BF4B-00C04F79EFBC}") = "proj", "proj\proj.csproj", "{21BDA123-DBD6-4F77-800A-68E634F91A44}"
EndProject
Global
	GlobalSection(SolutionConfigurationPlatforms) = preSolution
		Debug|Any CPU = Debug|Any CPU
		Release|Any CPU = Release|Any CPU
	EndGlobalSection
	GlobalSection(ProjectConfigurationPlatforms) = postSolution
		{21BDA123-DBD6-4F77-800A-68E634F91A44}.Debug|Any CPU.ActiveCfg = Debug|Any CPU
		{21BDA123-DBD6-4F77-800A-68E634F91A44}.Debug|Any CPU.Build.0 = Debug|Any CPU
		{21BDA123-DBD6-4F77-800A-68E634F91A44}.Release|Any CPU.ActiveCfg = Release|Any CPU
		{21BDA123-DBD6-4F77-800A-68E634F91A44}.Release|Any CPU.Build.0 = Release|Any CPU
	EndGlobalSection
	GlobalSection(SolutionProperties) = preSolution
		HideSolutionNode = FALSE
	EndGlobalSection
	GlobalSection(ExtensibilityGlobals) = postSolution
		SolutionGuid = {EDF74ABB-4D9F-45DD-B872-F4600B8031AD}
	EndGlobalSection
EndGlobal
